// !$*UTF8*$!
{
	archiveVersion = 1;
	classes = {
	};
	objectVersion = 50;
	objects = {

/* Begin PBXBuildFile section */
		E46BB23A24CE7DBA00F3A230 /* AppDelegate.swift in Sources */ = {isa = PBXBuildFile; fileRef = E46BB23924CE7DBA00F3A230 /* AppDelegate.swift */; };
		E46BB23C24CE7DBA00F3A230 /* art.scnassets in Resources */ = {isa = PBXBuildFile; fileRef = E46BB23B24CE7DBA00F3A230 /* art.scnassets */; };
		E46BB23E24CE7DBA00F3A230 /* ViewController.swift in Sources */ = {isa = PBXBuildFile; fileRef = E46BB23D24CE7DBA00F3A230 /* ViewController.swift */; };
		E46BB24124CE7DBA00F3A230 /* Main.storyboard in Resources */ = {isa = PBXBuildFile; fileRef = E46BB23F24CE7DBA00F3A230 /* Main.storyboard */; };
		E46BB24324CE7DBF00F3A230 /* Assets.xcassets in Resources */ = {isa = PBXBuildFile; fileRef = E46BB24224CE7DBF00F3A230 /* Assets.xcassets */; };
		E46BB24624CE7DBF00F3A230 /* LaunchScreen.storyboard in Resources */ = {isa = PBXBuildFile; fileRef = E46BB24424CE7DBF00F3A230 /* LaunchScreen.storyboard */; };
		E46BB24E24CEA0D100F3A230 /* ARResource.scnassets in Resources */ = {isa = PBXBuildFile; fileRef = E46BB24D24CEA0D100F3A230 /* ARResource.scnassets */; };
/* End PBXBuildFile section */

/* Begin PBXFileReference section */
		E46BB23624CE7DBA00F3A230 /* Azure.app */ = {isa = PBXFileReference; explicitFileType = wrapper.application; includeInIndex = 0; path = Azure.app; sourceTree = BUILT_PRODUCTS_DIR; };
		E46BB23924CE7DBA00F3A230 /* AppDelegate.swift */ = {isa = PBXFileReference; lastKnownFileType = sourcecode.swift; path = AppDelegate.swift; sourceTree = "<group>"; };
		E46BB23B24CE7DBA00F3A230 /* art.scnassets */ = {isa = PBXFileReference; lastKnownFileType = wrapper.scnassets; path = art.scnassets; sourceTree = "<group>"; };
		E46BB23D24CE7DBA00F3A230 /* ViewController.swift */ = {isa = PBXFileReference; lastKnownFileType = sourcecode.swift; path = ViewController.swift; sourceTree = "<group>"; };
		E46BB24024CE7DBA00F3A230 /* Base */ = {isa = PBXFileReference; lastKnownFileType = file.storyboard; name = Base; path = Base.lproj/Main.storyboard; sourceTree = "<group>"; };
		E46BB24224CE7DBF00F3A230 /* Assets.xcassets */ = {isa = PBXFileReference; lastKnownFileType = folder.assetcatalog; path = Assets.xcassets; sourceTree = "<group>"; };
		E46BB24524CE7DBF00F3A230 /* Base */ = {isa = PBXFileReference; lastKnownFileType = file.storyboard; name = Base; path = Base.lproj/LaunchScreen.storyboard; sourceTree = "<group>"; };
		E46BB24724CE7DBF00F3A230 /* Info.plist */ = {isa = PBXFileReference; lastKnownFileType = text.plist.xml; path = Info.plist; sourceTree = "<group>"; };
		E46BB24D24CEA0D100F3A230 /* ARResource.scnassets */ = {isa = PBXFileReference; lastKnownFileType = wrapper.scnassets; path = ARResource.scnassets; sourceTree = "<group>"; };
/* End PBXFileReference section */

/* Begin PBXFrameworksBuildPhase section */
		E46BB23324CE7DBA00F3A230 /* Frameworks */ = {
			isa = PBXFrameworksBuildPhase;
			buildActionMask = 2147483647;
			files = (
			);
			runOnlyForDeploymentPostprocessing = 0;
		};
/* End PBXFrameworksBuildPhase section */

/* Begin PBXGroup section */
		E46BB22D24CE7DBA00F3A230 = {
			isa = PBXGroup;
			children = (
				E46BB23824CE7DBA00F3A230 /* Azure */,
				E46BB23724CE7DBA00F3A230 /* Products */,
			);
			sourceTree = "<group>";
		};
		E46BB23724CE7DBA00F3A230 /* Products */ = {
			isa = PBXGroup;
			children = (
				E46BB23624CE7DBA00F3A230 /* Azure.app */,
			);
			name = Products;
			sourceTree = "<group>";
		};
		E46BB23824CE7DBA00F3A230 /* Azure */ = {
			isa = PBXGroup;
			children = (
				E46BB24D24CEA0D100F3A230 /* ARResource.scnassets */,
				E46BB23924CE7DBA00F3A230 /* AppDelegate.swift */,
				E46BB23B24CE7DBA00F3A230 /* art.scnassets */,
				E46BB23D24CE7DBA00F3A230 /* ViewController.swift */,
				E46BB23F24CE7DBA00F3A230 /* Main.storyboard */,
				E46BB24224CE7DBF00F3A230 /* Assets.xcassets */,
				E46BB24424CE7DBF00F3A230 /* LaunchScreen.storyboard */,
				E46BB24724CE7DBF00F3A230 /* Info.plist */,
			);
			path = Azure;
			sourceTree = "<group>";
		};
/* End PBXGroup section */

/* Begin PBXNativeTarget section */
		E46BB23524CE7DBA00F3A230 /* Azure */ = {
			isa = PBXNativeTarget;
			buildConfigurationList = E46BB24A24CE7DBF00F3A230 /* Build configuration list for PBXNativeTarget "Azure" */;
			buildPhases = (
				E46BB23224CE7DBA00F3A230 /* Sources */,
				E46BB23324CE7DBA00F3A230 /* Frameworks */,
				E46BB23424CE7DBA00F3A230 /* Resources */,
			);
			buildRules = (
			);
			dependencies = (
			);
			name = Azure;
			productName = Azure;
			productReference = E46BB23624CE7DBA00F3A230 /* Azure.app */;
			productType = "com.apple.product-type.application";
		};
/* End PBXNativeTarget section */

/* Begin PBXProject section */
		E46BB22E24CE7DBA00F3A230 /* Project object */ = {
			isa = PBXProject;
			attributes = {
				LastSwiftUpdateCheck = 1150;
				LastUpgradeCheck = 1150;
				ORGANIZATIONNAME = captain;
				TargetAttributes = {
					E46BB23524CE7DBA00F3A230 = {
						CreatedOnToolsVersion = 11.5;
					};
				};
			};
			buildConfigurationList = E46BB23124CE7DBA00F3A230 /* Build configuration list for PBXProject "Azure" */;
			compatibilityVersion = "Xcode 9.3";
			developmentRegion = en;
			hasScannedForEncodings = 0;
			knownRegions = (
				en,
				Base,
			);
			mainGroup = E46BB22D24CE7DBA00F3A230;
			productRefGroup = E46BB23724CE7DBA00F3A230 /* Products */;
			projectDirPath = "";
			projectRoot = "";
			targets = (
				E46BB23524CE7DBA00F3A230 /* Azure */,
			);
		};
/* End PBXProject section */

/* Begin PBXResourcesBuildPhase section */
		E46BB23424CE7DBA00F3A230 /* Resources */ = {
			isa = PBXResourcesBuildPhase;
			buildActionMask = 2147483647;
			files = (
				E46BB23C24CE7DBA00F3A230 /* art.scnassets in Resources */,
				E46BB24E24CEA0D100F3A230 /* ARResource.scnassets in Resources */,
				E46BB24624CE7DBF00F3A230 /* LaunchScreen.storyboard in Resources */,
				E46BB24324CE7DBF00F3A230 /* Assets.xcassets in Resources */,
				E46BB24124CE7DBA00F3A230 /* Main.storyboard in Resources */,
			);
			runOnlyForDeploymentPostprocessing = 0;
		};
/* End PBXResourcesBuildPhase section */

/* Begin PBXSourcesBuildPhase section */
		E46BB23224CE7DBA00F3A230 /* Sources */ = {
			isa = PBXSourcesBuildPhase;
			buildActionMask = 2147483647;
			files = (
				E46BB23E24CE7DBA00F3A230 /* ViewController.swift in Sources */,
				E46BB23A24CE7DBA00F3A230 /* AppDelegate.swift in Sources */,
			);
			runOnlyForDeploymentPostprocessing = 0;
		};
/* End PBXSourcesBuildPhase section */

/* Begin PBXVariantGroup section */
		E46BB23F24CE7DBA00F3A230 /* Main.storyboard */ = {
			isa = PBXVariantGroup;
			children = (
				E46BB24024CE7DBA00F3A230 /* Base */,
			);
			name = Main.storyboard;
			sourceTree = "<group>";
		};
		E46BB24424CE7DBF00F3A230 /* LaunchScreen.storyboard */ = {
			isa = PBXVariantGroup;
			children = (
				E46BB24524CE7DBF00F3A230 /* Base */,
			);
			name = LaunchScreen.storyboard;
			sourceTree = "<group>";
		};
/* End PBXVariantGroup section */

/* Begin XCBuildConfiguration section */
		E46BB24824CE7DBF00F3A230 /* Debug */ = {
			isa = XCBuildConfiguration;
			buildSettings = {
				ALWAYS_SEARCH_USER_PATHS = NO;
				CLANG_ANALYZER_NONNULL = YES;
				CLANG_ANALYZER_NUMBER_OBJECT_CONVERSION = YES_AGGRESSIVE;
				CLANG_CXX_LANGUAGE_STANDARD = "gnu++14";
				CLANG_CXX_LIBRARY = "libc++";
				CLANG_ENABLE_MODULES = YES;
				CLANG_ENABLE_OBJC_ARC = YES;
				CLANG_ENABLE_OBJC_WEAK = YES;
				CLANG_WARN_BLOCK_CAPTURE_AUTORELEASING = YES;
				CLANG_WARN_BOOL_CONVERSION = YES;
				CLANG_WARN_COMMA = YES;
				CLANG_WARN_CONSTANT_CONVERSION = YES;
				CLANG_WARN_DEPRECATED_OBJC_IMPLEMENTATIONS = YES;
				CLANG_WARN_DIRECT_OBJC_ISA_USAGE = YES_ERROR;
				CLANG_WARN_DOCUMENTATION_COMMENTS = YES;
				CLANG_WARN_EMPTY_BODY = YES;
				CLANG_WARN_ENUM_CONVERSION = YES;
				CLANG_WARN_INFINITE_RECURSION = YES;
				CLANG_WARN_INT_CONVERSION = YES;
				CLANG_WARN_NON_LITERAL_NULL_CONVERSION = YES;
				CLANG_WARN_OBJC_IMPLICIT_RETAIN_SELF = YES;
				CLANG_WARN_OBJC_LITERAL_CONVERSION = YES;
				CLANG_WARN_OBJC_ROOT_CLASS = YES_ERROR;
				CLANG_WARN_RANGE_LOOP_ANALYSIS = YES;
				CLANG_WARN_STRICT_PROTOTYPES = YES;
				CLANG_WARN_SUSPICIOUS_MOVE = YES;
				CLANG_WARN_UNGUARDED_AVAILABILITY = YES_AGGRESSIVE;
				CLANG_WARN_UNREACHABLE_CODE = YES;
				CLANG_WARN__DUPLICATE_METHOD_MATCH = YES;
				COPY_PHASE_STRIP = NO;
				DEBUG_INFORMATION_FORMAT = dwarf;
				ENABLE_STRICT_OBJC_MSGSEND = YES;
				ENABLE_TESTABILITY = YES;
				GCC_C_LANGUAGE_STANDARD = gnu11;
				GCC_DYNAMIC_NO_PIC = NO;
				GCC_NO_COMMON_BLOCKS = YES;
				GCC_OPTIMIZATION_LEVEL = 0;
				GCC_PREPROCESSOR_DEFINITIONS = (
					"DEBUG=1",
					"$(inherited)",
				);
				GCC_WARN_64_TO_32_BIT_CONVERSION = YES;
				GCC_WARN_ABOUT_RETURN_TYPE = YES_ERROR;
				GCC_WARN_UNDECLARED_SELECTOR = YES;
				GCC_WARN_UNINITIALIZED_AUTOS = YES_AGGRESSIVE;
				GCC_WARN_UNUSED_FUNCTION = YES;
				GCC_WARN_UNUSED_VARIABLE = YES;
				IPHONEOS_DEPLOYMENT_TARGET = 13.5;
				MTL_ENABLE_DEBUG_INFO = INCLUDE_SOURCE;
				MTL_FAST_MATH = YES;
				ONLY_ACTIVE_ARCH = YES;
				SDKROOT = iphoneos;
				SWIFT_ACTIVE_COMPILATION_CONDITIONS = DEBUG;
				SWIFT_OPTIMIZATION_LEVEL = "-Onone";
			};
			name = Debug;
		};
		E46BB24924CE7DBF00F3A230 /* Release */ = {
			isa = XCBuildConfiguration;
			buildSettings = {
				ALWAYS_SEARCH_USER_PATHS = NO;
				CLANG_ANALYZER_NONNULL = YES;
				CLANG_ANALYZER_NUMBER_OBJECT_CONVERSION = YES_AGGRESSIVE;
				CLANG_CXX_LANGUAGE_STANDARD = "gnu++14";
				CLANG_CXX_LIBRARY = "libc++";
				CLANG_ENABLE_MODULES = YES;
				CLANG_ENABLE_OBJC_ARC = YES;
				CLANG_ENABLE_OBJC_WEAK = YES;
				CLANG_WARN_BLOCK_CAPTURE_AUTORELEASING = YES;
				CLANG_WARN_BOOL_CONVERSION = YES;
				CLANG_WARN_COMMA = YES;
				CLANG_WARN_CONSTANT_CONVERSION = YES;
				CLANG_WARN_DEPRECATED_OBJC_IMPLEMENTATIONS = YES;
				CLANG_WARN_DIRECT_OBJC_ISA_USAGE = YES_ERROR;
				CLANG_WARN_DOCUMENTATION_COMMENTS = YES;
				CLANG_WARN_EMPTY_BODY = YES;
				CLANG_WARN_ENUM_CONVERSION = YES;
				CLANG_WARN_INFINITE_RECURSION = YES;
				CLANG_WARN_INT_CONVERSION = YES;
				CLANG_WARN_NON_LITERAL_NULL_CONVERSION = YES;
				CLANG_WARN_OBJC_IMPLICIT_RETAIN_SELF = YES;
				CLANG_WARN_OBJC_LITERAL_CONVERSION = YES;
				CLANG_WARN_OBJC_ROOT_CLASS = YES_ERROR;
				CLANG_WARN_RANGE_LOOP_ANALYSIS = YES;
				CLANG_WARN_STRICT_PROTOTYPES = YES;
				CLANG_WARN_SUSPICIOUS_MOVE = YES;
				CLANG_WARN_UNGUARDED_AVAILABILITY = YES_AGGRESSIVE;
				CLANG_WARN_UNREACHABLE_CODE = YES;
				CLANG_WARN__DUPLICATE_METHOD_MATCH = YES;
				COPY_PHASE_STRIP = NO;
				DEBUG_INFORMATION_FORMAT = "dwarf-with-dsym";
				ENABLE_NS_ASSERTIONS = NO;
				ENABLE_STRICT_OBJC_MSGSEND = YES;
				GCC_C_LANGUAGE_STANDARD = gnu11;
				GCC_NO_COMMON_BLOCKS = YES;
				GCC_WARN_64_TO_32_BIT_CONVERSION = YES;
				GCC_WARN_ABOUT_RETURN_TYPE = YES_ERROR;
				GCC_WARN_UNDECLARED_SELECTOR = YES;
				GCC_WARN_UNINITIALIZED_AUTOS = YES_AGGRESSIVE;
				GCC_WARN_UNUSED_FUNCTION = YES;
				GCC_WARN_UNUSED_VARIABLE = YES;
				IPHONEOS_DEPLOYMENT_TARGET = 13.5;
				MTL_ENABLE_DEBUG_INFO = NO;
				MTL_FAST_MATH = YES;
				SDKROOT = iphoneos;
				SWIFT_COMPILATION_MODE = wholemodule;
				SWIFT_OPTIMIZATION_LEVEL = "-O";
				VALIDATE_PRODUCT = YES;
			};
			name = Release;
		};
		E46BB24B24CE7DBF00F3A230 /* Debug */ = {
			isa = XCBuildConfiguration;
			buildSettings = {
				ASSETCATALOG_COMPILER_APPICON_NAME = AppIcon;
				CODE_SIGN_STYLE = Automatic;
				DEVELOPMENT_TEAM = YU3566C3NH;
				INFOPLIST_FILE = Azure/Info.plist;
				LD_RUNPATH_SEARCH_PATHS = (
					"$(inherited)",
					"@executable_path/Frameworks",
				);
				PRODUCT_BUNDLE_IDENTIFIER = cc.Azure;
				PRODUCT_NAME = "$(TARGET_NAME)";
				SWIFT_VERSION = 5.0;
				TARGETED_DEVICE_FAMILY = "1,2";
			};
			name = Debug;
		};
		E46BB24C24CE7DBF00F3A230 /* Release */ = {
			isa = XCBuildConfiguration;
			buildSettings = {
				ASSETCATALOG_COMPILER_APPICON_NAME = AppIcon;
				CODE_SIGN_STYLE = Automatic;
				DEVELOPMENT_TEAM = YU3566C3NH;
				INFOPLIST_FILE = Azure/Info.plist;
				LD_RUNPATH_SEARCH_PATHS = (
					"$(inherited)",
					"@executable_path/Frameworks",
				);
				PRODUCT_BUNDLE_IDENTIFIER = cc.Azure;
				PRODUCT_NAME = "$(TARGET_NAME)";
				SWIFT_VERSION = 5.0;
				TARGETED_DEVICE_FAMILY = "1,2";
			};
			name = Release;
		};
/* End XCBuildConfiguration section */

/* Begin XCConfigurationList section */
		E46BB23124CE7DBA00F3A230 /* Build configuration list for PBXProject "Azure" */ = {
			isa = XCConfigurationList;
			buildConfigurations = (
				E46BB24824CE7DBF00F3A230 /* Debug */,
				E46BB24924CE7DBF00F3A230 /* Release */,
			);
			defaultConfigurationIsVisible = 0;
			defaultConfigurationName = Release;
		};
		E46BB24A24CE7DBF00F3A230 /* Build configuration list for PBXNativeTarget "Azure" */ = {
			isa = XCConfigurationList;
			buildConfigurations = (
				E46BB24B24CE7DBF00F3A230 /* Debug */,
				E46BB24C24CE7DBF00F3A230 /* Release */,
			);
			defaultConfigurationIsVisible = 0;
			defaultConfigurationName = Release;
		};
/* End XCConfigurationList section */
	};
	rootObject = E46BB22E24CE7DBA00F3A230 /* Project object */;
}
